# This file is automatically @generated by Poetry and should not be changed by hand.

[[package]]
name = "mcrcon"
version = "0.7.0"
description = "A client for handling Remote Commands (RCON) to a Minecraft server."
category = "main"
optional = false
python-versions = "*"
files = [
    {file = "mcrcon-0.7.0.tar.gz", hash = "sha256:c2f1caf2467e283e0ccd2436f1ce21f04242b03c5fafb3860e3924d764a910d4"},
]

[metadata]
lock-version = "2.0"
python-versions = "^3.8"
content-hash = "2a25c31f289e162b79dc0b277fb2cb9b2f5253bbd36731f55dd0a9b3abae7aff"
